
Microsoft Visual Studio Solution File, Format Version 12.00
# Visual Studio 14
VisualStudioVersion = 14.0.25420.1
MinimumVisualStudioVersion = 10.0.40219.1
Project("{FAE04EC0-301F-11D3-BF4B-00C04F79EFBC}") = "RemeberBases", "RemeberBases\RemeberBases.csproj", "{D0480F17-6BCF-479A-BEF5-482647C84FA9}"
EndProject
Project("{FAE04EC0-301F-11D3-BF4B-00C04F79EFBC}") = "MyStackProgram", "MyStackProgram\MyStackProgram.csproj", "{F19BE8C4-0E4D-4D99-8944-4A4B3F244C99}"
EndProject
Project("{FAE04EC0-301F-11D3-BF4B-00C04F79EFBC}") = "MyCryptoLibrary", "MyCryptoLibrary\MyCryptoLibrary.csproj", "{31138431-F3C0-4B62-848D-5FE52F228EF4}"
EndProject
Project("{FAE04EC0-301F-11D3-BF4B-00C04F79EFBC}") = "EventTests", "EventTests\EventTests.csproj", "{A424E92A-5770-4765-A545-73C2BCEE7337}"
EndProject
Global
	GlobalSection(SolutionConfigurationPlatforms) = preSolution
		Debug|Any CPU = Debug|Any CPU
		Release|Any CPU = Release|Any CPU
	EndGlobalSection
	GlobalSection(ProjectConfigurationPlatforms) = postSolution
		{D0480F17-6BCF-479A-BEF5-482647C84FA9}.Debug|Any CPU.ActiveCfg = Debug|Any CPU
		{D0480F17-6BCF-479A-BEF5-482647C84FA9}.Debug|Any CPU.Build.0 = Debug|Any CPU
		{D0480F17-6BCF-479A-BEF5-482647C84FA9}.Release|Any CPU.ActiveCfg = Release|Any CPU
		{D0480F17-6BCF-479A-BEF5-482647C84FA9}.Release|Any CPU.Build.0 = Release|Any CPU
		{F19BE8C4-0E4D-4D99-8944-4A4B3F244C99}.Debug|Any CPU.ActiveCfg = Debug|Any CPU
		{F19BE8C4-0E4D-4D99-8944-4A4B3F244C99}.Debug|Any CPU.Build.0 = Debug|Any CPU
		{F19BE8C4-0E4D-4D99-8944-4A4B3F244C99}.Release|Any CPU.ActiveCfg = Release|Any CPU
		{F19BE8C4-0E4D-4D99-8944-4A4B3F244C99}.Release|Any CPU.Build.0 = Release|Any CPU
		{31138431-F3C0-4B62-848D-5FE52F228EF4}.Debug|Any CPU.ActiveCfg = Debug|Any CPU
		{31138431-F3C0-4B62-848D-5FE52F228EF4}.Debug|Any CPU.Build.0 = Debug|Any CPU
		{31138431-F3C0-4B62-848D-5FE52F228EF4}.Release|Any CPU.ActiveCfg = Release|Any CPU
		{31138431-F3C0-4B62-848D-5FE52F228EF4}.Release|Any CPU.Build.0 = Release|Any CPU
		{A424E92A-5770-4765-A545-73C2BCEE7337}.Debug|Any CPU.ActiveCfg = Debug|Any CPU
		{A424E92A-5770-4765-A545-73C2BCEE7337}.Debug|Any CPU.Build.0 = Debug|Any CPU
		{A424E92A-5770-4765-A545-73C2BCEE7337}.Release|Any CPU.ActiveCfg = Release|Any CPU
		{A424E92A-5770-4765-A545-73C2BCEE7337}.Release|Any CPU.Build.0 = Release|Any CPU
	EndGlobalSection
	GlobalSection(SolutionProperties) = preSolution
		HideSolutionNode = FALSE
	EndGlobalSection
EndGlobal
